
Microsoft Visual Studio Solution File, Format Version 12.00
# Visual Studio Version 17
VisualStudioVersion = 17.5.33424.131
MinimumVisualStudioVersion = 10.0.40219.1
Project("{FAE04EC0-301F-11D3-BF4B-00C04F79EFBC}") = "GeoJsonArea", "GeoJsonArea\GeoJsonArea.csproj", "{EB8E6C5B-F4FF-45E4-9A39-3F3E3DDE5320}"
EndProject
Project("{FAE04EC0-301F-11D3-BF4B-00C04F79EFBC}") = "GeoJsonArea.Tests", "GeoJsonArea.Tests\GeoJsonArea.Tests.csproj", "{EADBEF21-773C-4B3D-A335-E4F1C4EEE943}"
EndProject
Global
	GlobalSection(SolutionConfigurationPlatforms) = preSolution
		Debug|Any CPU = Debug|Any CPU
		Release|Any CPU = Release|Any CPU
	EndGlobalSection
	GlobalSection(ProjectConfigurationPlatforms) = postSolution
		{EB8E6C5B-F4FF-45E4-9A39-3F3E3DDE5320}.Debug|Any CPU.ActiveCfg = Debug|Any CPU
		{EB8E6C5B-F4FF-45E4-9A39-3F3E3DDE5320}.Debug|Any CPU.Build.0 = Debug|Any CPU
		{EB8E6C5B-F4FF-45E4-9A39-3F3E3DDE5320}.Release|Any CPU.ActiveCfg = Release|Any CPU
		{EB8E6C5B-F4FF-45E4-9A39-3F3E3DDE5320}.Release|Any CPU.Build.0 = Release|Any CPU
		{EADBEF21-773C-4B3D-A335-E4F1C4EEE943}.Debug|Any CPU.ActiveCfg = Debug|Any CPU
		{EADBEF21-773C-4B3D-A335-E4F1C4EEE943}.Debug|Any CPU.Build.0 = Debug|Any CPU
		{EADBEF21-773C-4B3D-A335-E4F1C4EEE943}.Release|Any CPU.ActiveCfg = Release|Any CPU
		{EADBEF21-773C-4B3D-A335-E4F1C4EEE943}.Release|Any CPU.Build.0 = Release|Any CPU
	EndGlobalSection
	GlobalSection(SolutionProperties) = preSolution
		HideSolutionNode = FALSE
	EndGlobalSection
	GlobalSection(ExtensibilityGlobals) = postSolution
		SolutionGuid = {117EC09E-CC15-40B6-A60A-A3F0734CC542}
	EndGlobalSection
EndGlobal
